Microsoft Visual Studio Solution File, Format Version 12.00
# Visual Studio Version 17
VisualStudioVersion = 17.5.2.0
MinimumVisualStudioVersion = 10.0.40219.1
Project("{FAE04EC0-301F-11D3-BF4B-00C04F79EFBC}") = "student-management-new", "student-management-new.csproj", "{9EBB42DE-FAD8-1A01-5526-DD4707E25BDB}"
EndProject
Global
	GlobalSection(SolutionConfigurationPlatforms) = preSolution
		Debug|Any CPU = Debug|Any CPU
		Release|Any CPU = Release|Any CPU
	EndGlobalSection
	GlobalSection(ProjectConfigurationPlatforms) = postSolution
		{9EBB42DE-FAD8-1A01-5526-DD4707E25BDB}.Debug|Any CPU.ActiveCfg = Debug|Any CPU
		{9EBB42DE-FAD8-1A01-5526-DD4707E25BDB}.Debug|Any CPU.Build.0 = Debug|Any CPU
		{9EBB42DE-FAD8-1A01-5526-DD4707E25BDB}.Release|Any CPU.ActiveCfg = Release|Any CPU
		{9EBB42DE-FAD8-1A01-5526-DD4707E25BDB}.Release|Any CPU.Build.0 = Release|Any CPU
	EndGlobalSection
	GlobalSection(SolutionProperties) = preSolution
		HideSolutionNode = FALSE
	EndGlobalSection
	GlobalSection(ExtensibilityGlobals) = postSolution
		SolutionGuid = {FA450FDD-EA0B-48C3-AF00-18961CE0FD9C}
	EndGlobalSection
EndGlobal
